{
  "name": "ultra-mode-scraper",
  "version": "1.0.0",
  "lockfileVersion": 3,
  "requires": true,
  "packages": {
    "": {
      "name": "ultra-mode-scraper",
      "version": "1.0.0",
      "license": "ISC",
      "dependencies": {
        "ultra-mode-scraper": "github:Abrahan987/Mode-ultra"
      }
    },
    "node_modules/ultra-mode-scraper": {
      "version": "1.0.0",
      "resolved": "git+ssh://git@github.com/Abrahan987/Mode-ultra.git#b8d4546f0607c1f33c66c7917e9d87d0b0ced54e",
      "license": "ISC"
    }
  }
}
